
Microsoft Visual Studio Solution File, Format Version 12.00
# Visual Studio Version 16
VisualStudioVersion = 16.0.29326.143
MinimumVisualStudioVersion = 10.0.40219.1
Project("{FAE04EC0-301F-11D3-BF4B-00C04F79EFBC}") = "Olympus.PassingThroughTheWalls", "Olympus.PassingThroughTheWalls.csproj", "{3E3AE2CD-84E5-440F-8ECA-052590917BD3}"
EndProject
Global
	GlobalSection(SolutionConfigurationPlatforms) = preSolution
		Debug|Any CPU = Debug|Any CPU
		Release|Any CPU = Release|Any CPU
	EndGlobalSection
	GlobalSection(ProjectConfigurationPlatforms) = postSolution
		{3E3AE2CD-84E5-440F-8ECA-052590917BD3}.Debug|Any CPU.ActiveCfg = Debug|Any CPU
		{3E3AE2CD-84E5-440F-8ECA-052590917BD3}.Debug|Any CPU.Build.0 = Debug|Any CPU
		{3E3AE2CD-84E5-440F-8ECA-052590917BD3}.Release|Any CPU.ActiveCfg = Release|Any CPU
		{3E3AE2CD-84E5-440F-8ECA-052590917BD3}.Release|Any CPU.Build.0 = Release|Any CPU
	EndGlobalSection
	GlobalSection(SolutionProperties) = preSolution
		HideSolutionNode = FALSE
	EndGlobalSection
	GlobalSection(ExtensibilityGlobals) = postSolution
		SolutionGuid = {B5F59524-1514-4D4D-8F72-0E8D3D4DAFD8}
	EndGlobalSection
EndGlobal
