
Microsoft Visual Studio Solution File, Format Version 12.00
# Visual Studio Version 16
VisualStudioVersion = 16.0.29326.143
MinimumVisualStudioVersion = 10.0.40219.1
Project("{FAE04EC0-301F-11D3-BF4B-00C04F79EFBC}") = "Olympus.AIO", "Olympus.AIO.csproj", "{DC7DDD93-8C4D-4B31-9A0A-99FC743A23CD}"
EndProject
Global
	GlobalSection(SolutionConfigurationPlatforms) = preSolution
		Debug|Any CPU = Debug|Any CPU
		Release|Any CPU = Release|Any CPU
	EndGlobalSection
	GlobalSection(ProjectConfigurationPlatforms) = postSolution
		{DC7DDD93-8C4D-4B31-9A0A-99FC743A23CD}.Debug|Any CPU.ActiveCfg = Debug|Any CPU
		{DC7DDD93-8C4D-4B31-9A0A-99FC743A23CD}.Debug|Any CPU.Build.0 = Debug|Any CPU
		{DC7DDD93-8C4D-4B31-9A0A-99FC743A23CD}.Release|Any CPU.ActiveCfg = Release|Any CPU
		{DC7DDD93-8C4D-4B31-9A0A-99FC743A23CD}.Release|Any CPU.Build.0 = Release|Any CPU
	EndGlobalSection
	GlobalSection(SolutionProperties) = preSolution
		HideSolutionNode = FALSE
	EndGlobalSection
	GlobalSection(ExtensibilityGlobals) = postSolution
		SolutionGuid = {17230E64-BB73-4E85-88AB-3B86106351FA}
	EndGlobalSection
EndGlobal
